
Microsoft Visual Studio Solution File, Format Version 12.00
# Visual Studio Version 17
VisualStudioVersion = 17.2.32630.192
MinimumVisualStudioVersion = 10.0.40219.1
Project("{FAE04EC0-301F-11D3-BF4B-00C04F79EFBC}") = "FileUploadInAngular", "FileUploadInAngular.csproj", "{0687D20F-2376-4275-BAB2-92E8EB3843B8}"
EndProject
Global
	GlobalSection(SolutionConfigurationPlatforms) = preSolution
		Debug|Any CPU = Debug|Any CPU
		Release|Any CPU = Release|Any CPU
	EndGlobalSection
	GlobalSection(ProjectConfigurationPlatforms) = postSolution
		{0687D20F-2376-4275-BAB2-92E8EB3843B8}.Debug|Any CPU.ActiveCfg = Debug|Any CPU
		{0687D20F-2376-4275-BAB2-92E8EB3843B8}.Debug|Any CPU.Build.0 = Debug|Any CPU
		{0687D20F-2376-4275-BAB2-92E8EB3843B8}.Release|Any CPU.ActiveCfg = Release|Any CPU
		{0687D20F-2376-4275-BAB2-92E8EB3843B8}.Release|Any CPU.Build.0 = Release|Any CPU
	EndGlobalSection
	GlobalSection(SolutionProperties) = preSolution
		HideSolutionNode = FALSE
	EndGlobalSection
	GlobalSection(ExtensibilityGlobals) = postSolution
		SolutionGuid = {39C778A2-3120-4494-8F6B-6B5FEDA5B03E}
	EndGlobalSection
EndGlobal
